
Microsoft Visual Studio Solution File, Format Version 12.00
# Visual Studio 2013
VisualStudioVersion = 12.0.31101.0
MinimumVisualStudioVersion = 10.0.40219.1
Project("{159641D6-6404-4A2A-AE62-294DE0FE8301}") = "Framework", "Framework\Framework.dtproj", "{4442DC1B-681B-43C5-ABCA-A1B37006CB4C}"
EndProject
Project("{159641D6-6404-4A2A-AE62-294DE0FE8301}") = "FrameworkTest1", "FrameworkTest1\FrameworkTest1.dtproj", "{731A966E-8E2D-4794-AD6E-9CBF769C758E}"
EndProject
Project("{159641D6-6404-4A2A-AE62-294DE0FE8301}") = "FrameworkTest2", "FrameworkTest2\FrameworkTest2.dtproj", "{7A851C81-9054-4233-8E4F-BFD478B3435A}"
EndProject
Global
	GlobalSection(TeamFoundationVersionControl) = preSolution
		SccNumberOfProjects = 4
		SccEnterpriseProvider = {4CA58AB2-18FA-4F8D-95D4-32DDF27D184C}
		SccTeamFoundationServer = https://andyleonard.visualstudio.com/defaultcollection
		SccLocalPath0 = .
		SccProjectUniqueName1 = Framework\\Framework.dtproj
		SccProjectName1 = Framework
		SccLocalPath1 = Framework
		SccProjectUniqueName2 = FrameworkTest1\\FrameworkTest1.dtproj
		SccProjectName2 = FrameworkTest1
		SccLocalPath2 = FrameworkTest1
		SccProjectUniqueName3 = FrameworkTest2\\FrameworkTest2.dtproj
		SccProjectName3 = FrameworkTest2
		SccLocalPath3 = FrameworkTest2
	EndGlobalSection
	GlobalSection(SolutionConfigurationPlatforms) = preSolution
		Development|Default = Development|Default
	EndGlobalSection
	GlobalSection(ProjectConfigurationPlatforms) = postSolution
		{4442DC1B-681B-43C5-ABCA-A1B37006CB4C}.Development|Default.ActiveCfg = Development
		{4442DC1B-681B-43C5-ABCA-A1B37006CB4C}.Development|Default.Build.0 = Development
		{731A966E-8E2D-4794-AD6E-9CBF769C758E}.Development|Default.ActiveCfg = Development
		{731A966E-8E2D-4794-AD6E-9CBF769C758E}.Development|Default.Build.0 = Development
		{7A851C81-9054-4233-8E4F-BFD478B3435A}.Development|Default.ActiveCfg = Development
		{7A851C81-9054-4233-8E4F-BFD478B3435A}.Development|Default.Build.0 = Development
	EndGlobalSection
	GlobalSection(SolutionProperties) = preSolution
		HideSolutionNode = FALSE
	EndGlobalSection
EndGlobal
